
Microsoft Visual Studio Solution File, Format Version 12.00
# Visual Studio Version 17
VisualStudioVersion = 17.4.33213.308
MinimumVisualStudioVersion = 10.0.40219.1
Project("{FAE04EC0-301F-11D3-BF4B-00C04F79EFBC}") = "Arrays_SumFinding", "Arrays_SumFinding.csproj", "{D19808E6-0E0A-4B3A-93F2-41D7C1193D65}"
EndProject
Global
	GlobalSection(SolutionConfigurationPlatforms) = preSolution
		Debug|Any CPU = Debug|Any CPU
		Release|Any CPU = Release|Any CPU
	EndGlobalSection
	GlobalSection(ProjectConfigurationPlatforms) = postSolution
		{D19808E6-0E0A-4B3A-93F2-41D7C1193D65}.Debug|Any CPU.ActiveCfg = Debug|Any CPU
		{D19808E6-0E0A-4B3A-93F2-41D7C1193D65}.Debug|Any CPU.Build.0 = Debug|Any CPU
		{D19808E6-0E0A-4B3A-93F2-41D7C1193D65}.Release|Any CPU.ActiveCfg = Release|Any CPU
		{D19808E6-0E0A-4B3A-93F2-41D7C1193D65}.Release|Any CPU.Build.0 = Release|Any CPU
	EndGlobalSection
	GlobalSection(SolutionProperties) = preSolution
		HideSolutionNode = FALSE
	EndGlobalSection
	GlobalSection(ExtensibilityGlobals) = postSolution
		SolutionGuid = {341C216F-7B6E-4493-ACC6-02D50A68414C}
	EndGlobalSection
EndGlobal
